
Microsoft Visual Studio Solution File, Format Version 12.00
# Visual Studio Version 17
VisualStudioVersion = 17.8.34316.72
MinimumVisualStudioVersion = 10.0.40219.1
Project("{9A19103F-16F7-4668-BE54-9A1E7A4F7556}") = "Security.API", "Security.API.csproj", "{8D4F8E14-B6E1-453A-A204-DE6DAFF0F860}"
EndProject
Global
	GlobalSection(SolutionConfigurationPlatforms) = preSolution
		Debug|Any CPU = Debug|Any CPU
		Release|Any CPU = Release|Any CPU
	EndGlobalSection
	GlobalSection(ProjectConfigurationPlatforms) = postSolution
		{8D4F8E14-B6E1-453A-A204-DE6DAFF0F860}.Debug|Any CPU.ActiveCfg = Debug|Any CPU
		{8D4F8E14-B6E1-453A-A204-DE6DAFF0F860}.Debug|Any CPU.Build.0 = Debug|Any CPU
		{8D4F8E14-B6E1-453A-A204-DE6DAFF0F860}.Release|Any CPU.ActiveCfg = Release|Any CPU
		{8D4F8E14-B6E1-453A-A204-DE6DAFF0F860}.Release|Any CPU.Build.0 = Release|Any CPU
	EndGlobalSection
	GlobalSection(SolutionProperties) = preSolution
		HideSolutionNode = FALSE
	EndGlobalSection
	GlobalSection(ExtensibilityGlobals) = postSolution
		SolutionGuid = {DB031EDF-DD85-4F26-B712-7B829C93559C}
	EndGlobalSection
EndGlobal
